<?xml version="1.0" encoding="utf-8"?>
<Project ToolsVersion="4.0" xmlns="http://schemas.microsoft.com/developer/msbuild/2003">
  <ItemGroup>
    <Filter Include="Source Files">
      <UniqueIdentifier>{4FC737F1-C7A5-4376-A066-2A32D752A2FF}</UniqueIdentifier>
      <Extensions>cpp;c;cc;cxx;def;odl;idl;hpj;bat;asm;asmx</Extensions>
    </Filter>
    <Filter Include="Header Files">
      <UniqueIdentifier>{93995380-89BD-4b04-88EB-625FBE52EBFB}</UniqueIdentifier>
      <Extensions>h;hh;hpp;hxx;hm;inl;inc;ipp;xsd</Extensions>
    </Filter>
    <Filter Include="Resource Files">
      <UniqueIdentifier>{67DA6AB6-F800-4c08-8B7A-83BB121AAD01}</UniqueIdentifier>
      <Extensions>rc;ico;cur;bmp;dlg;rc2;rct;bin;rgs;gif;jpg;jpeg;jpe;resx;tiff;tif;png;wav;mfcribbon-ms</Extensions>
    </Filter>
    <Filter Include="Resource Files\customize">
      <UniqueIdentifier>{50814ac9-de77-42f7-90e1-c49769a526f6}</UniqueIdentifier>
    </Filter>
    <Filter Include="Resource Files\fonts">
      <UniqueIdentifier>{f2ce99a0-ec94-4adf-9ed7-876afce2d4d9}</UniqueIdentifier>
    </Filter>
    <Filter Include="Resource Files\gamedata">
      <UniqueIdentifier>{14f36840-4171-45cc-85c3-1c40b9dbb45f}</UniqueIdentifier>
    </Filter>
    <Filter Include="Resource Files\help">
      <UniqueIdentifier>{2f230f9e-eca0-4db4-9b56-71de201fb1c9}</UniqueIdentifier>
    </Filter>
    <Filter Include="Resource Files\icons">
      <UniqueIdentifier>{baf73d3c-6656-4a0a-99a4-d046b7faf4e6}</UniqueIdentifier>
    </Filter>
    <Filter Include="Resource Files\tiles">
      <UniqueIdentifier>{bbd5388e-d8be-4c76-be21-2ed6a39a4aa7}</UniqueIdentifier>
    </Filter>
    <Filter Include="Resource Files\tiles\adam-bolt">
      <UniqueIdentifier>{02d56a58-137c-46a6-9db2-766f73d55a12}</UniqueIdentifier>
    </Filter>
    <Filter Include="Resource Files\tiles\gervais">
      <UniqueIdentifier>{ffcb2da1-8a10-4aeb-bc47-d4bbdf86c25b}</UniqueIdentifier>
    </Filter>
    <Filter Include="Resource Files\tiles\shockbolt">
      <UniqueIdentifier>{17f9ff36-5291-48d6-ab97-aa69c0796699}</UniqueIdentifier>
    </Filter>
    <Filter Include="Resource Files\tiles\old">
      <UniqueIdentifier>{73a57601-68d2-48dc-9767-99ebcc71296b}</UniqueIdentifier>
    </Filter>
    <Filter Include="Resource Files\tiles\nomad">
      <UniqueIdentifier>{d9cb6d85-e632-4317-8428-5f916f278f2d}</UniqueIdentifier>
    </Filter>
    <Filter Include="Resource Files\sounds">
      <UniqueIdentifier>{4b4d88d3-5088-4dc2-81c4-151dbacc7987}</UniqueIdentifier>
    </Filter>
    <Filter Include="Resource Files\screens">
      <UniqueIdentifier>{8a54c5c2-3c10-4cf2-b6a8-9588ab62a502}</UniqueIdentifier>
    </Filter>
  </ItemGroup>
  <ItemGroup>
    <ClCompile Include="..\..\buildid.c">
      <Filter>Source Files</Filter>
    </ClCompile>
    <ClCompile Include="..\..\cave.c">
      <Filter>Source Files</Filter>
    </ClCompile>
    <ClCompile Include="..\..\cave-map.c">
      <Filter>Source Files</Filter>
    </ClCompile>
    <ClCompile Include="..\..\cave-square.c">
      <Filter>Source Files</Filter>
    </ClCompile>
    <ClCompile Include="..\..\cave-view.c">
      <Filter>Source Files</Filter>
    </ClCompile>
    <ClCompile Include="..\..\cmd-cave.c">
      <Filter>Source Files</Filter>
    </ClCompile>
    <ClCompile Include="..\..\cmd-core.c">
      <Filter>Source Files</Filter>
    </ClCompile>
    <ClCompile Include="..\..\cmd-misc.c">
      <Filter>Source Files</Filter>
    </ClCompile>
    <ClCompile Include="..\..\cmd-obj.c">
      <Filter>Source Files</Filter>
    </ClCompile>
    <ClCompile Include="..\..\cmd-pickup.c">
      <Filter>Source Files</Filter>
    </ClCompile>
    <ClCompile Include="..\..\cmd-spoil.c">
      <Filter>Source Files</Filter>
    </ClCompile>
    <ClCompile Include="..\..\cmd-wizard.c">
      <Filter>Source Files</Filter>
    </ClCompile>
    <ClCompile Include="..\..\datafile.c">
      <Filter>Source Files</Filter>
    </ClCompile>
    <ClCompile Include="..\..\debug.c">
      <Filter>Source Files</Filter>
    </ClCompile>
    <ClCompile Include="..\..\effect-handler-attack.c">
      <Filter>Source Files</Filter>
    </ClCompile>
    <ClCompile Include="..\..\effect-handler-general.c">
      <Filter>Source Files</Filter>
    </ClCompile>
    <ClCompile Include="..\..\effects-info.c">
      <Filter>Source Files</Filter>
    </ClCompile>
    <ClCompile Include="..\..\effects.c">
      <Filter>Source Files</Filter>
    </ClCompile>
    <ClCompile Include="..\..\game-event.c">
      <Filter>Source Files</Filter>
    </ClCompile>
    <ClCompile Include="..\..\game-input.c">
      <Filter>Source Files</Filter>
    </ClCompile>
    <ClCompile Include="..\..\game-world.c">
      <Filter>Source Files</Filter>
    </ClCompile>
    <ClCompile Include="..\..\gen-cave.c">
      <Filter>Source Files</Filter>
    </ClCompile>
    <ClCompile Include="..\..\gen-chunk.c">
      <Filter>Source Files</Filter>
    </ClCompile>
    <ClCompile Include="..\..\generate.c">
      <Filter>Source Files</Filter>
    </ClCompile>
    <ClCompile Include="..\..\gen-monster.c">
      <Filter>Source Files</Filter>
    </ClCompile>
    <ClCompile Include="..\..\gen-room.c">
      <Filter>Source Files</Filter>
    </ClCompile>
    <ClCompile Include="..\..\gen-util.c">
      <Filter>Source Files</Filter>
    </ClCompile>
    <ClCompile Include="..\..\grafmode.c">
      <Filter>Source Files</Filter>
    </ClCompile>
    <ClCompile Include="..\..\guid.c">
      <Filter>Source Files</Filter>
    </ClCompile>
    <ClCompile Include="..\..\init.c">
      <Filter>Source Files</Filter>
    </ClCompile>
    <ClCompile Include="..\..\load.c">
      <Filter>Source Files</Filter>
    </ClCompile>
    <ClCompile Include="..\..\main-win.c">
      <Filter>Source Files</Filter>
    </ClCompile>
    <ClCompile Include="..\..\message.c">
      <Filter>Source Files</Filter>
    </ClCompile>
    <ClCompile Include="..\..\mon-attack.c">
      <Filter>Source Files</Filter>
    </ClCompile>
    <ClCompile Include="..\..\mon-blows.c">
      <Filter>Source Files</Filter>
    </ClCompile>
    <ClCompile Include="..\..\mon-desc.c">
      <Filter>Source Files</Filter>
    </ClCompile>
    <ClCompile Include="..\..\mon-group.c">
      <Filter>Source Files</Filter>
    </ClCompile>
    <ClCompile Include="..\..\mon-init.c">
      <Filter>Source Files</Filter>
    </ClCompile>
    <ClCompile Include="..\..\mon-list.c">
      <Filter>Source Files</Filter>
    </ClCompile>
    <ClCompile Include="..\..\mon-lore.c">
      <Filter>Source Files</Filter>
    </ClCompile>
    <ClCompile Include="..\..\mon-make.c">
      <Filter>Source Files</Filter>
    </ClCompile>
    <ClCompile Include="..\..\mon-move.c">
      <Filter>Source Files</Filter>
    </ClCompile>
    <ClCompile Include="..\..\mon-msg.c">
      <Filter>Source Files</Filter>
    </ClCompile>
    <ClCompile Include="..\..\mon-predicate.c">
      <Filter>Source Files</Filter>
    </ClCompile>
    <ClCompile Include="..\..\mon-spell.c">
      <Filter>Source Files</Filter>
    </ClCompile>
    <ClCompile Include="..\..\mon-summon.c">
      <Filter>Source Files</Filter>
    </ClCompile>
    <ClCompile Include="..\..\mon-timed.c">
      <Filter>Source Files</Filter>
    </ClCompile>
    <ClCompile Include="..\..\mon-util.c">
      <Filter>Source Files</Filter>
    </ClCompile>
    <ClCompile Include="..\..\obj-chest.c">
      <Filter>Source Files</Filter>
    </ClCompile>
    <ClCompile Include="..\..\obj-curse.c">
      <Filter>Source Files</Filter>
    </ClCompile>
    <ClCompile Include="..\..\obj-desc.c">
      <Filter>Source Files</Filter>
    </ClCompile>
    <ClCompile Include="..\..\obj-gear.c">
      <Filter>Source Files</Filter>
    </ClCompile>
    <ClCompile Include="..\..\obj-ignore.c">
      <Filter>Source Files</Filter>
    </ClCompile>
    <ClCompile Include="..\..\obj-info.c">
      <Filter>Source Files</Filter>
    </ClCompile>
    <ClCompile Include="..\..\obj-init.c">
      <Filter>Source Files</Filter>
    </ClCompile>
    <ClCompile Include="..\..\obj-knowledge.c">
      <Filter>Source Files</Filter>
    </ClCompile>
    <ClCompile Include="..\..\obj-list.c">
      <Filter>Source Files</Filter>
    </ClCompile>
    <ClCompile Include="..\..\obj-make.c">
      <Filter>Source Files</Filter>
    </ClCompile>
    <ClCompile Include="..\..\obj-pile.c">
      <Filter>Source Files</Filter>
    </ClCompile>
    <ClCompile Include="..\..\obj-power.c">
      <Filter>Source Files</Filter>
    </ClCompile>
    <ClCompile Include="..\..\obj-properties.c">
      <Filter>Source Files</Filter>
    </ClCompile>
    <ClCompile Include="..\..\obj-randart.c">
      <Filter>Source Files</Filter>
    </ClCompile>
    <ClCompile Include="..\..\obj-slays.c">
      <Filter>Source Files</Filter>
    </ClCompile>
    <ClCompile Include="..\..\obj-tval.c">
      <Filter>Source Files</Filter>
    </ClCompile>
    <ClCompile Include="..\..\option.c">
      <Filter>Source Files</Filter>
    </ClCompile>
    <ClCompile Include="..\..\parser.c">
      <Filter>Source Files</Filter>
    </ClCompile>
    <ClCompile Include="..\..\player.c">
      <Filter>Source Files</Filter>
    </ClCompile>
    <ClCompile Include="..\..\player-attack.c">
      <Filter>Source Files</Filter>
    </ClCompile>
    <ClCompile Include="..\..\player-birth.c">
      <Filter>Source Files</Filter>
    </ClCompile>
    <ClCompile Include="..\..\player-calcs.c">
      <Filter>Source Files</Filter>
    </ClCompile>
    <ClCompile Include="..\..\player-class.c">
      <Filter>Source Files</Filter>
    </ClCompile>
    <ClCompile Include="..\..\player-history.c">
      <Filter>Source Files</Filter>
    </ClCompile>
    <ClCompile Include="..\..\player-path.c">
      <Filter>Source Files</Filter>
    </ClCompile>
    <ClCompile Include="..\..\player-quest.c">
      <Filter>Source Files</Filter>
    </ClCompile>
    <ClCompile Include="..\..\player-race.c">
      <Filter>Source Files</Filter>
    </ClCompile>
    <ClCompile Include="..\..\player-spell.c">
      <Filter>Source Files</Filter>
    </ClCompile>
    <ClCompile Include="..\..\player-timed.c">
      <Filter>Source Files</Filter>
    </ClCompile>
    <ClCompile Include="..\..\player-util.c">
      <Filter>Source Files</Filter>
    </ClCompile>
    <ClCompile Include="..\..\project.c">
      <Filter>Source Files</Filter>
    </ClCompile>
    <ClCompile Include="..\..\project-feat.c">
      <Filter>Source Files</Filter>
    </ClCompile>
    <ClCompile Include="..\..\project-mon.c">
      <Filter>Source Files</Filter>
    </ClCompile>
    <ClCompile Include="..\..\project-obj.c">
      <Filter>Source Files</Filter>
    </ClCompile>
    <ClCompile Include="..\..\project-player.c">
      <Filter>Source Files</Filter>
    </ClCompile>
    <ClCompile Include="..\..\randname.c">
      <Filter>Source Files</Filter>
    </ClCompile>
    <ClCompile Include="..\..\save-charoutput.c">
      <Filter>Source Files</Filter>
    </ClCompile>
    <ClCompile Include="..\..\save.c">
      <Filter>Source Files</Filter>
    </ClCompile>
    <ClCompile Include="..\..\savefile.c">
      <Filter>Source Files</Filter>
    </ClCompile>
    <ClCompile Include="..\..\score.c">
      <Filter>Source Files</Filter>
    </ClCompile>
    <ClCompile Include="..\..\sound-core.c">
      <Filter>Source Files</Filter>
    </ClCompile>
    <ClCompile Include="..\..\source.c">
      <Filter>Source Files</Filter>
    </ClCompile>
    <ClCompile Include="..\..\store.c">
      <Filter>Source Files</Filter>
    </ClCompile>
    <ClCompile Include="..\..\target.c">
      <Filter>Source Files</Filter>
    </ClCompile>
    <ClCompile Include="..\..\trap.c">
      <Filter>Source Files</Filter>
    </ClCompile>
    <ClCompile Include="..\..\ui-birth.c">
      <Filter>Source Files</Filter>
    </ClCompile>
    <ClCompile Include="..\..\ui-command.c">
      <Filter>Source Files</Filter>
    </ClCompile>
    <ClCompile Include="..\..\ui-context.c">
      <Filter>Source Files</Filter>
    </ClCompile>
    <ClCompile Include="..\..\ui-curse.c">
      <Filter>Source Files</Filter>
    </ClCompile>
    <ClCompile Include="..\..\ui-death.c">
      <Filter>Source Files</Filter>
    </ClCompile>
    <ClCompile Include="..\..\ui-display.c">
      <Filter>Source Files</Filter>
    </ClCompile>
    <ClCompile Include="..\..\ui-effect.c">
      <Filter>Source Files</Filter>
    </ClCompile>
    <ClCompile Include="..\..\ui-event.c">
      <Filter>Source Files</Filter>
    </ClCompile>
    <ClCompile Include="..\..\ui-game.c">
      <Filter>Source Files</Filter>
    </ClCompile>
    <ClCompile Include="..\..\ui-help.c">
      <Filter>Source Files</Filter>
    </ClCompile>
    <ClCompile Include="..\..\ui-history.c">
      <Filter>Source Files</Filter>
    </ClCompile>
    <ClCompile Include="..\..\ui-init.c">
      <Filter>Source Files</Filter>
    </ClCompile>
    <ClCompile Include="..\..\ui-input.c">
      <Filter>Source Files</Filter>
    </ClCompile>
    <ClCompile Include="..\..\ui-keymap.c">
      <Filter>Source Files</Filter>
    </ClCompile>
    <ClCompile Include="..\..\ui-knowledge.c">
      <Filter>Source Files</Filter>
    </ClCompile>
    <ClCompile Include="..\..\ui-map.c">
      <Filter>Source Files</Filter>
    </ClCompile>
    <ClCompile Include="..\..\ui-menu.c">
      <Filter>Source Files</Filter>
    </ClCompile>
    <ClCompile Include="..\..\ui-mon-list.c">
      <Filter>Source Files</Filter>
    </ClCompile>
    <ClCompile Include="..\..\ui-mon-lore.c">
      <Filter>Source Files</Filter>
    </ClCompile>
    <ClCompile Include="..\..\ui-object.c">
      <Filter>Source Files</Filter>
    </ClCompile>
    <ClCompile Include="..\..\ui-obj-list.c">
      <Filter>Source Files</Filter>
    </ClCompile>
    <ClCompile Include="..\..\ui-options.c">
      <Filter>Source Files</Filter>
    </ClCompile>
    <ClCompile Include="..\..\ui-output.c">
      <Filter>Source Files</Filter>
    </ClCompile>
    <ClCompile Include="..\..\ui-player-properties.c">
      <Filter>Source Files</Filter>
    </ClCompile>
    <ClCompile Include="..\..\ui-player.c">
      <Filter>Source Files</Filter>
    </ClCompile>
    <ClCompile Include="..\..\ui-prefs.c">
      <Filter>Source Files</Filter>
    </ClCompile>
    <ClCompile Include="..\..\ui-score.c">
      <Filter>Source Files</Filter>
    </ClCompile>
    <ClCompile Include="..\..\ui-signals.c">
      <Filter>Source Files</Filter>
    </ClCompile>
    <ClCompile Include="..\..\ui-spell.c">
      <Filter>Source Files</Filter>
    </ClCompile>
    <ClCompile Include="..\..\ui-spoil.c">
      <Filter>Source Files</Filter>
    </ClCompile>
    <ClCompile Include="..\..\ui-store.c">
      <Filter>Source Files</Filter>
    </ClCompile>
    <ClCompile Include="..\..\ui-target.c">
      <Filter>Source Files</Filter>
    </ClCompile>
    <ClCompile Include="..\..\ui-term.c">
      <Filter>Source Files</Filter>
    </ClCompile>
    <ClCompile Include="..\..\ui-wizard.c">
      <Filter>Source Files</Filter>
    </ClCompile>
    <ClCompile Include="..\..\wiz-debug.c">
      <Filter>Source Files</Filter>
    </ClCompile>
    <ClCompile Include="..\..\wiz-spoil.c">
      <Filter>Source Files</Filter>
    </ClCompile>
    <ClCompile Include="..\..\wiz-stats.c">
      <Filter>Source Files</Filter>
    </ClCompile>
    <ClCompile Include="..\..\z-bitflag.c">
      <Filter>Source Files</Filter>
    </ClCompile>
    <ClCompile Include="..\..\z-color.c">
      <Filter>Source Files</Filter>
    </ClCompile>
    <ClCompile Include="..\..\z-dice.c">
      <Filter>Source Files</Filter>
    </ClCompile>
    <ClCompile Include="..\..\z-expression.c">
      <Filter>Source Files</Filter>
    </ClCompile>
    <ClCompile Include="..\..\z-file.c">
      <Filter>Source Files</Filter>
    </ClCompile>
    <ClCompile Include="..\..\z-form.c">
      <Filter>Source Files</Filter>
    </ClCompile>
    <ClCompile Include="..\..\z-quark.c">
      <Filter>Source Files</Filter>
    </ClCompile>
    <ClCompile Include="..\..\z-queue.c">
      <Filter>Source Files</Filter>
    </ClCompile>
    <ClCompile Include="..\..\z-rand.c">
      <Filter>Source Files</Filter>
    </ClCompile>
    <ClCompile Include="..\..\z-set.c">
      <Filter>Source Files</Filter>
    </ClCompile>
    <ClCompile Include="..\..\z-textblock.c">
      <Filter>Source Files</Filter>
    </ClCompile>
    <ClCompile Include="..\..\z-type.c">
      <Filter>Source Files</Filter>
    </ClCompile>
    <ClCompile Include="..\..\z-util.c">
      <Filter>Source Files</Filter>
    </ClCompile>
    <ClCompile Include="..\..\z-virt.c">
      <Filter>Source Files</Filter>
    </ClCompile>
    <ClCompile Include="..\..\win\readdib.c">
      <Filter>Source Files</Filter>
    </ClCompile>
    <ClCompile Include="..\..\win\readpng.c">
      <Filter>Source Files</Filter>
    </ClCompile>
    <ClCompile Include="..\..\win\scrnshot.c">
      <Filter>Source Files</Filter>
    </ClCompile>
    <ClCompile Include="..\..\win\win-layout.c">
      <Filter>Source Files</Filter>
    </ClCompile>
    <ClCompile Include="..\..\obj-util.c">
      <Filter>Source Files</Filter>
    </ClCompile>
    <ClCompile Include="..\..\ui-entry.c">
      <Filter>Source Files</Filter>
    </ClCompile>
    <ClCompile Include="..\..\ui-entry-combiner.c">
      <Filter>Source Files</Filter>
    </ClCompile>
    <ClCompile Include="..\..\ui-entry-renderers.c">
      <Filter>Source Files</Filter>
    </ClCompile>
    <ClCompile Include="..\..\ui-equip-cmp.c">
      <Filter>Source Files</Filter>
    </ClCompile>
    <ClCompile Include="..\..\ui-visuals.c">
      <Filter>Source Files</Filter>
    </ClCompile>
    <ClCompile Include="..\..\player-properties.c">
      <Filter>Source Files</Filter>
    </ClCompile>
  </ItemGroup>
  <ItemGroup>
    <ClInclude Include="..\..\alloc.h">
      <Filter>Header Files</Filter>
    </ClInclude>
    <ClInclude Include="..\..\angband.h">
      <Filter>Header Files</Filter>
    </ClInclude>
    <ClInclude Include="..\..\buildid.h">
      <Filter>Header Files</Filter>
    </ClInclude>
    <ClInclude Include="..\..\cave.h">
      <Filter>Header Files</Filter>
    </ClInclude>
    <ClInclude Include="..\..\cmd-core.h">
      <Filter>Header Files</Filter>
    </ClInclude>
    <ClInclude Include="..\..\cmds.h">
      <Filter>Header Files</Filter>
    </ClInclude>
    <ClInclude Include="..\..\config.h">
      <Filter>Header Files</Filter>
    </ClInclude>
    <ClInclude Include="..\..\datafile.h">
      <Filter>Header Files</Filter>
    </ClInclude>
    <ClInclude Include="..\..\debug.h">
      <Filter>Header Files</Filter>
    </ClInclude>
    <ClInclude Include="..\..\effect-handler.h">
      <Filter>Header Files</Filter>
    </ClInclude>
    <ClInclude Include="..\..\effects-info.h">
      <Filter>Header Files</Filter>
    </ClInclude>
    <ClInclude Include="..\..\effects.h">
      <Filter>Header Files</Filter>
    </ClInclude>
    <ClInclude Include="..\..\game-event.h">
      <Filter>Header Files</Filter>
    </ClInclude>
    <ClInclude Include="..\..\game-input.h">
      <Filter>Header Files</Filter>
    </ClInclude>
    <ClInclude Include="..\..\game-world.h">
      <Filter>Header Files</Filter>
    </ClInclude>
    <ClInclude Include="..\..\generate.h">
      <Filter>Header Files</Filter>
    </ClInclude>
    <ClInclude Include="..\..\grafmode.h">
      <Filter>Header Files</Filter>
    </ClInclude>
    <ClInclude Include="..\..\guid.h">
      <Filter>Header Files</Filter>
    </ClInclude>
    <ClInclude Include="..\..\h-basic.h">
      <Filter>Header Files</Filter>
    </ClInclude>
    <ClInclude Include="..\..\hint.h">
      <Filter>Header Files</Filter>
    </ClInclude>
    <ClInclude Include="..\..\init.h">
      <Filter>Header Files</Filter>
    </ClInclude>
    <ClInclude Include="..\..\list-dun-profiles.h">
      <Filter>Header Files</Filter>
    </ClInclude>
    <ClInclude Include="..\..\list-effects.h">
      <Filter>Header Files</Filter>
    </ClInclude>
    <ClInclude Include="..\..\list-elements.h">
      <Filter>Header Files</Filter>
    </ClInclude>
    <ClInclude Include="..\..\list-equip-slots.h">
      <Filter>Header Files</Filter>
    </ClInclude>
    <ClInclude Include="..\..\list-history-types.h">
      <Filter>Header Files</Filter>
    </ClInclude>
    <ClInclude Include="..\..\list-ignore-types.h">
      <Filter>Header Files</Filter>
    </ClInclude>
    <ClInclude Include="..\..\list-kind-flags.h">
      <Filter>Header Files</Filter>
    </ClInclude>
    <ClInclude Include="..\..\list-message.h">
      <Filter>Header Files</Filter>
    </ClInclude>
    <ClInclude Include="..\..\list-mon-message.h">
      <Filter>Header Files</Filter>
    </ClInclude>
    <ClInclude Include="..\..\list-mon-race-flags.h">
      <Filter>Header Files</Filter>
    </ClInclude>
    <ClInclude Include="..\..\list-mon-spells.h">
      <Filter>Header Files</Filter>
    </ClInclude>
    <ClInclude Include="..\..\list-mon-temp-flags.h">
      <Filter>Header Files</Filter>
    </ClInclude>
    <ClInclude Include="..\..\list-mon-timed.h">
      <Filter>Header Files</Filter>
    </ClInclude>
    <ClInclude Include="..\..\list-object-flags.h">
      <Filter>Header Files</Filter>
    </ClInclude>
    <ClInclude Include="..\..\list-object-modifiers.h">
      <Filter>Header Files</Filter>
    </ClInclude>
    <ClInclude Include="..\..\list-options.h">
      <Filter>Header Files</Filter>
    </ClInclude>
    <ClInclude Include="..\..\list-origins.h">
      <Filter>Header Files</Filter>
    </ClInclude>
    <ClInclude Include="..\..\list-parser-errors.h">
      <Filter>Header Files</Filter>
    </ClInclude>
    <ClInclude Include="..\..\list-player-flags.h">
      <Filter>Header Files</Filter>
    </ClInclude>
    <ClInclude Include="..\..\list-player-timed.h">
      <Filter>Header Files</Filter>
    </ClInclude>
    <ClInclude Include="..\..\list-projections.h">
      <Filter>Header Files</Filter>
    </ClInclude>
    <ClInclude Include="..\..\list-randart-properties.h">
      <Filter>Header Files</Filter>
    </ClInclude>
    <ClInclude Include="..\..\list-rooms.h">
      <Filter>Header Files</Filter>
    </ClInclude>
    <ClInclude Include="..\..\list-room-flags.h">
      <Filter>Header Files</Filter>
    </ClInclude>
    <ClInclude Include="..\..\list-square-flags.h">
      <Filter>Header Files</Filter>
    </ClInclude>
    <ClInclude Include="..\..\list-stats.h">
      <Filter>Header Files</Filter>
    </ClInclude>
    <ClInclude Include="..\..\list-terrain-flags.h">
      <Filter>Header Files</Filter>
    </ClInclude>
    <ClInclude Include="..\..\list-trap-flags.h">
      <Filter>Header Files</Filter>
    </ClInclude>
    <ClInclude Include="..\..\list-tvals.h">
      <Filter>Header Files</Filter>
    </ClInclude>
    <ClInclude Include="..\..\list-ui-entry-renderers.h">
      <Filter>Header Files</Filter>
    </ClInclude>
    <ClInclude Include="..\..\message.h">
      <Filter>Header Files</Filter>
    </ClInclude>
    <ClInclude Include="..\..\mon-attack.h">
      <Filter>Header Files</Filter>
    </ClInclude>
    <ClInclude Include="..\..\mon-blows.h">
      <Filter>Header Files</Filter>
    </ClInclude>
    <ClInclude Include="..\..\mon-desc.h">
      <Filter>Header Files</Filter>
    </ClInclude>
    <ClInclude Include="..\..\mon-group.h">
      <Filter>Header Files</Filter>
    </ClInclude>
    <ClInclude Include="..\..\mon-init.h">
      <Filter>Header Files</Filter>
    </ClInclude>
    <ClInclude Include="..\..\mon-list.h">
      <Filter>Header Files</Filter>
    </ClInclude>
    <ClInclude Include="..\..\mon-lore.h">
      <Filter>Header Files</Filter>
    </ClInclude>
    <ClInclude Include="..\..\mon-make.h">
      <Filter>Header Files</Filter>
    </ClInclude>
    <ClInclude Include="..\..\mon-move.h">
      <Filter>Header Files</Filter>
    </ClInclude>
    <ClInclude Include="..\..\mon-msg.h">
      <Filter>Header Files</Filter>
    </ClInclude>
    <ClInclude Include="..\..\mon-predicate.h">
      <Filter>Header Files</Filter>
    </ClInclude>
    <ClInclude Include="..\..\mon-spell.h">
      <Filter>Header Files</Filter>
    </ClInclude>
    <ClInclude Include="..\..\monster.h">
      <Filter>Header Files</Filter>
    </ClInclude>
    <ClInclude Include="..\..\mon-summon.h">
      <Filter>Header Files</Filter>
    </ClInclude>
    <ClInclude Include="..\..\mon-timed.h">
      <Filter>Header Files</Filter>
    </ClInclude>
    <ClInclude Include="..\..\mon-util.h">
      <Filter>Header Files</Filter>
    </ClInclude>
    <ClInclude Include="..\..\obj-chest.h">
      <Filter>Header Files</Filter>
    </ClInclude>
    <ClInclude Include="..\..\obj-curse.h">
      <Filter>Header Files</Filter>
    </ClInclude>
    <ClInclude Include="..\..\obj-desc.h">
      <Filter>Header Files</Filter>
    </ClInclude>
    <ClInclude Include="..\..\object.h">
      <Filter>Header Files</Filter>
    </ClInclude>
    <ClInclude Include="..\..\obj-gear.h">
      <Filter>Header Files</Filter>
    </ClInclude>
    <ClInclude Include="..\..\obj-ignore.h">
      <Filter>Header Files</Filter>
    </ClInclude>
    <ClInclude Include="..\..\obj-info.h">
      <Filter>Header Files</Filter>
    </ClInclude>
    <ClInclude Include="..\..\obj-init.h">
      <Filter>Header Files</Filter>
    </ClInclude>
    <ClInclude Include="..\..\obj-knowledge.h">
      <Filter>Header Files</Filter>
    </ClInclude>
    <ClInclude Include="..\..\obj-list.h">
      <Filter>Header Files</Filter>
    </ClInclude>
    <ClInclude Include="..\..\obj-make.h">
      <Filter>Header Files</Filter>
    </ClInclude>
    <ClInclude Include="..\..\obj-pile.h">
      <Filter>Header Files</Filter>
    </ClInclude>
    <ClInclude Include="..\..\obj-power.h">
      <Filter>Header Files</Filter>
    </ClInclude>
    <ClInclude Include="..\..\obj-properties.h">
      <Filter>Header Files</Filter>
    </ClInclude>
    <ClInclude Include="..\..\obj-randart.h">
      <Filter>Header Files</Filter>
    </ClInclude>
    <ClInclude Include="..\..\obj-slays.h">
      <Filter>Header Files</Filter>
    </ClInclude>
    <ClInclude Include="..\..\obj-tval.h">
      <Filter>Header Files</Filter>
    </ClInclude>
    <ClInclude Include="..\..\obj-util.h">
      <Filter>Header Files</Filter>
    </ClInclude>
    <ClInclude Include="..\..\option.h">
      <Filter>Header Files</Filter>
    </ClInclude>
    <ClInclude Include="..\..\parser.h">
      <Filter>Header Files</Filter>
    </ClInclude>
    <ClInclude Include="..\..\player.h">
      <Filter>Header Files</Filter>
    </ClInclude>
    <ClInclude Include="..\..\player-attack.h">
      <Filter>Header Files</Filter>
    </ClInclude>
    <ClInclude Include="..\..\player-birth.h">
      <Filter>Header Files</Filter>
    </ClInclude>
    <ClInclude Include="..\..\player-calcs.h">
      <Filter>Header Files</Filter>
    </ClInclude>
    <ClInclude Include="..\..\player-history.h">
      <Filter>Header Files</Filter>
    </ClInclude>
    <ClInclude Include="..\..\player-path.h">
      <Filter>Header Files</Filter>
    </ClInclude>
    <ClInclude Include="..\..\player-quest.h">
      <Filter>Header Files</Filter>
    </ClInclude>
    <ClInclude Include="..\..\player-spell.h">
      <Filter>Header Files</Filter>
    </ClInclude>
    <ClInclude Include="..\..\player-timed.h">
      <Filter>Header Files</Filter>
    </ClInclude>
    <ClInclude Include="..\..\player-util.h">
      <Filter>Header Files</Filter>
    </ClInclude>
    <ClInclude Include="..\..\project.h">
      <Filter>Header Files</Filter>
    </ClInclude>
    <ClInclude Include="..\..\randname.h">
      <Filter>Header Files</Filter>
    </ClInclude>
    <ClInclude Include="..\..\save-charoutput.h">
      <Filter>Header Files</Filter>
    </ClInclude>
    <ClInclude Include="..\..\savefile.h">
      <Filter>Header Files</Filter>
    </ClInclude>
    <ClInclude Include="..\..\score.h">
      <Filter>Header Files</Filter>
    </ClInclude>
    <ClInclude Include="..\..\snd-sdl.h">
      <Filter>Header Files</Filter>
    </ClInclude>
    <ClInclude Include="..\..\snd-win.h">
      <Filter>Header Files</Filter>
    </ClInclude>
    <ClInclude Include="..\..\sound.h">
      <Filter>Header Files</Filter>
    </ClInclude>
    <ClInclude Include="..\..\source.h">
      <Filter>Header Files</Filter>
    </ClInclude>
    <ClInclude Include="..\..\store.h">
      <Filter>Header Files</Filter>
    </ClInclude>
    <ClInclude Include="..\..\target.h">
      <Filter>Header Files</Filter>
    </ClInclude>
    <ClInclude Include="..\..\trap.h">
      <Filter>Header Files</Filter>
    </ClInclude>
    <ClInclude Include="..\..\ui-birth.h">
      <Filter>Header Files</Filter>
    </ClInclude>
    <ClInclude Include="..\..\ui-command.h">
      <Filter>Header Files</Filter>
    </ClInclude>
    <ClInclude Include="..\..\ui-context.h">
      <Filter>Header Files</Filter>
    </ClInclude>
    <ClInclude Include="..\..\ui-curse.h">
      <Filter>Header Files</Filter>
    </ClInclude>
    <ClInclude Include="..\..\ui-death.h">
      <Filter>Header Files</Filter>
    </ClInclude>
    <ClInclude Include="..\..\ui-display.h">
      <Filter>Header Files</Filter>
    </ClInclude>
    <ClInclude Include="..\..\ui-effect.h">
      <Filter>Header Files</Filter>
    </ClInclude>
    <ClInclude Include="..\..\ui-event.h">
      <Filter>Header Files</Filter>
    </ClInclude>
    <ClInclude Include="..\..\ui-game.h">
      <Filter>Header Files</Filter>
    </ClInclude>
    <ClInclude Include="..\..\ui-help.h">
      <Filter>Header Files</Filter>
    </ClInclude>
    <ClInclude Include="..\..\ui-history.h">
      <Filter>Header Files</Filter>
    </ClInclude>
    <ClInclude Include="..\..\ui-init.h">
      <Filter>Header Files</Filter>
    </ClInclude>
    <ClInclude Include="..\..\ui-input.h">
      <Filter>Header Files</Filter>
    </ClInclude>
    <ClInclude Include="..\..\ui-keymap.h">
      <Filter>Header Files</Filter>
    </ClInclude>
    <ClInclude Include="..\..\ui-knowledge.h">
      <Filter>Header Files</Filter>
    </ClInclude>
    <ClInclude Include="..\..\ui-map.h">
      <Filter>Header Files</Filter>
    </ClInclude>
    <ClInclude Include="..\..\ui-menu.h">
      <Filter>Header Files</Filter>
    </ClInclude>
    <ClInclude Include="..\..\ui-mon-list.h">
      <Filter>Header Files</Filter>
    </ClInclude>
    <ClInclude Include="..\..\ui-mon-lore.h">
      <Filter>Header Files</Filter>
    </ClInclude>
    <ClInclude Include="..\..\ui-object.h">
      <Filter>Header Files</Filter>
    </ClInclude>
    <ClInclude Include="..\..\ui-obj-list.h">
      <Filter>Header Files</Filter>
    </ClInclude>
    <ClInclude Include="..\..\ui-options.h">
      <Filter>Header Files</Filter>
    </ClInclude>
    <ClInclude Include="..\..\ui-output.h">
      <Filter>Header Files</Filter>
    </ClInclude>
    <ClInclude Include="..\..\ui-player-properties.h">
      <Filter>Header Files</Filter>
    </ClInclude>
    <ClInclude Include="..\..\ui-player.h">
      <Filter>Header Files</Filter>
    </ClInclude>
    <ClInclude Include="..\..\ui-prefs.h">
      <Filter>Header Files</Filter>
    </ClInclude>
    <ClInclude Include="..\..\ui-score.h">
      <Filter>Header Files</Filter>
    </ClInclude>
    <ClInclude Include="..\..\ui-signals.h">
      <Filter>Header Files</Filter>
    </ClInclude>
    <ClInclude Include="..\..\ui-spell.h">
      <Filter>Header Files</Filter>
    </ClInclude>
    <ClInclude Include="..\..\ui-spoil.h">
      <Filter>Header Files</Filter>
    </ClInclude>
    <ClInclude Include="..\..\ui-store.h">
      <Filter>Header Files</Filter>
    </ClInclude>
    <ClInclude Include="..\..\ui-target.h">
      <Filter>Header Files</Filter>
    </ClInclude>
    <ClInclude Include="..\..\ui-term.h">
      <Filter>Header Files</Filter>
    </ClInclude>
    <ClInclude Include="..\..\ui-visuals.h">
      <Filter>Header Files</Filter>
    </ClInclude>
    <ClInclude Include="..\..\ui-wizard.h">
      <Filter>Header Files</Filter>
    </ClInclude>
    <ClInclude Include="..\..\wizard.h">
      <Filter>Header Files</Filter>
    </ClInclude>
    <ClInclude Include="..\..\z-bitflag.h">
      <Filter>Header Files</Filter>
    </ClInclude>
    <ClInclude Include="..\..\z-color.h">
      <Filter>Header Files</Filter>
    </ClInclude>
    <ClInclude Include="..\..\z-debug.h">
      <Filter>Header Files</Filter>
    </ClInclude>
    <ClInclude Include="..\..\z-dice.h">
      <Filter>Header Files</Filter>
    </ClInclude>
    <ClInclude Include="..\..\z-expression.h">
      <Filter>Header Files</Filter>
    </ClInclude>
    <ClInclude Include="..\..\z-file.h">
      <Filter>Header Files</Filter>
    </ClInclude>
    <ClInclude Include="..\..\z-form.h">
      <Filter>Header Files</Filter>
    </ClInclude>
    <ClInclude Include="..\..\z-quark.h">
      <Filter>Header Files</Filter>
    </ClInclude>
    <ClInclude Include="..\..\z-queue.h">
      <Filter>Header Files</Filter>
    </ClInclude>
    <ClInclude Include="..\..\z-rand.h">
      <Filter>Header Files</Filter>
    </ClInclude>
    <ClInclude Include="..\..\z-set.h">
      <Filter>Header Files</Filter>
    </ClInclude>
    <ClInclude Include="..\..\z-textblock.h">
      <Filter>Header Files</Filter>
    </ClInclude>
    <ClInclude Include="..\..\z-type.h">
      <Filter>Header Files</Filter>
    </ClInclude>
    <ClInclude Include="..\..\z-util.h">
      <Filter>Header Files</Filter>
    </ClInclude>
    <ClInclude Include="..\..\z-virt.h">
      <Filter>Header Files</Filter>
    </ClInclude>
    <ClInclude Include="..\..\win\readdib.h">
      <Filter>Header Files</Filter>
    </ClInclude>
    <ClInclude Include="..\..\win\win-menu.h">
      <Filter>Header Files</Filter>
    </ClInclude>
    <ClInclude Include="..\..\win\win-term.h">
      <Filter>Header Files</Filter>
    </ClInclude>
    <ClInclude Include="..\..\win\include\png.h">
      <Filter>Header Files</Filter>
    </ClInclude>
    <ClInclude Include="..\..\win\include\pngconf.h">
      <Filter>Header Files</Filter>
    </ClInclude>
    <ClInclude Include="..\..\win\include\zconf.h">
      <Filter>Header Files</Filter>
    </ClInclude>
    <ClInclude Include="..\..\win\include\zlib.h">
      <Filter>Header Files</Filter>
    </ClInclude>
    <ClInclude Include="..\..\ui-entry.h">
      <Filter>Header Files</Filter>
    </ClInclude>
    <ClInclude Include="..\..\ui-entry-combiner.h">
      <Filter>Header Files</Filter>
    </ClInclude>
    <ClInclude Include="..\..\ui-entry-init.h">
      <Filter>Header Files</Filter>
    </ClInclude>
    <ClInclude Include="..\..\ui-entry-renderers.h">
      <Filter>Header Files</Filter>
    </ClInclude>
    <ClInclude Include="..\..\ui-equip-cmp.h">
      <Filter>Header Files</Filter>
    </ClInclude>
    <ClInclude Include="..\..\player-properties.h">
      <Filter>Header Files</Filter>
    </ClInclude>
  </ItemGroup>
  <ItemGroup>
    <Image Include="..\angband.ico">
      <Filter>Resource Files</Filter>
    </Image>
    <Image Include="..\..\..\lib\icons\att-16.png">
      <Filter>Resource Files\icons</Filter>
    </Image>
    <Image Include="..\..\..\lib\icons\att-32.png">
      <Filter>Resource Files\icons</Filter>
    </Image>
    <Image Include="..\..\..\lib\icons\att-128.png">
      <Filter>Resource Files\icons</Filter>
    </Image>
    <Image Include="..\..\..\lib\icons\att-256.png">
      <Filter>Resource Files\icons</Filter>
    </Image>
    <Image Include="..\..\..\lib\icons\att-512.png">
      <Filter>Resource Files\icons</Filter>
    </Image>
    <Image Include="..\..\..\lib\tiles\adam-bolt\16x16.png">
      <Filter>Resource Files\tiles\adam-bolt</Filter>
    </Image>
    <Image Include="..\..\..\lib\tiles\gervais\32x32.png">
      <Filter>Resource Files\tiles\gervais</Filter>
    </Image>
    <Image Include="..\..\..\lib\tiles\nomad\8x16.png">
      <Filter>Resource Files\tiles\nomad</Filter>
    </Image>
    <Image Include="..\..\..\lib\tiles\old\8x8.png">
      <Filter>Resource Files\tiles\old</Filter>
    </Image>
    <Image Include="..\..\..\lib\tiles\shockbolt\64x64.png">
      <Filter>Resource Files\tiles\shockbolt</Filter>
    </Image>
  </ItemGroup>
  <ItemGroup>
    <ResourceCompile Include="..\..\win\angband.rc">
      <Filter>Resource Files</Filter>
    </ResourceCompile>
  </ItemGroup>
  <ItemGroup>
    <None Include="..\..\..\lib\customize\font.prf">
      <Filter>Resource Files\customize</Filter>
    </None>
    <None Include="..\..\..\lib\customize\font-gcu.prf">
      <Filter>Resource Files\customize</Filter>
    </None>
    <None Include="..\..\..\lib\customize\font-sdl.prf">
      <Filter>Resource Files\customize</Filter>
    </None>
    <None Include="..\..\..\lib\customize\font-sdl2.prf">
      <Filter>Resource Files\customize</Filter>
    </None>
    <None Include="..\..\..\lib\customize\font-win.prf">
      <Filter>Resource Files\customize</Filter>
    </None>
    <None Include="..\..\..\lib\customize\font-x11.prf">
      <Filter>Resource Files\customize</Filter>
    </None>
    <None Include="..\..\..\lib\customize\keys-gcu.prf">
      <Filter>Resource Files\customize</Filter>
    </None>
    <None Include="..\..\..\lib\customize\message.prf">
      <Filter>Resource Files\customize</Filter>
    </None>
    <None Include="..\..\..\lib\customize\pref.prf">
      <Filter>Resource Files\customize</Filter>
    </None>
    <None Include="..\..\..\lib\customize\sound.prf">
      <Filter>Resource Files\customize</Filter>
    </None>
    <None Include="..\..\..\lib\customize\user.prf">
      <Filter>Resource Files\customize</Filter>
    </None>
    <None Include="..\..\..\lib\fonts\5x8x.fon">
      <Filter>Resource Files\fonts</Filter>
    </None>
    <None Include="..\..\..\lib\fonts\6x10x.fon">
      <Filter>Resource Files\fonts</Filter>
    </None>
    <None Include="..\..\..\lib\fonts\6x12x.fon">
      <Filter>Resource Files\fonts</Filter>
    </None>
    <None Include="..\..\..\lib\fonts\6x13x.fon">
      <Filter>Resource Files\fonts</Filter>
    </None>
    <None Include="..\..\..\lib\fonts\6x13xb.fon">
      <Filter>Resource Files\fonts</Filter>
    </None>
    <None Include="..\..\..\lib\fonts\7x13x.fon">
      <Filter>Resource Files\fonts</Filter>
    </None>
    <None Include="..\..\..\lib\fonts\7x13xb.fon">
      <Filter>Resource Files\fonts</Filter>
    </None>
    <None Include="..\..\..\lib\fonts\8x8x.fon">
      <Filter>Resource Files\fonts</Filter>
    </None>
    <None Include="..\..\..\lib\fonts\8x8xb.fon">
      <Filter>Resource Files\fonts</Filter>
    </None>
    <None Include="..\..\..\lib\fonts\8x12x.fon">
      <Filter>Resource Files\fonts</Filter>
    </None>
    <None Include="..\..\..\lib\fonts\8x12xb.fon">
      <Filter>Resource Files\fonts</Filter>
    </None>
    <None Include="..\..\..\lib\fonts\8x13x.fon">
      <Filter>Resource Files\fonts</Filter>
    </None>
    <None Include="..\..\..\lib\fonts\8x16x.fon">
      <Filter>Resource Files\fonts</Filter>
    </None>
    <None Include="..\..\..\lib\fonts\9x15x.fon">
      <Filter>Resource Files\fonts</Filter>
    </None>
    <None Include="..\..\..\lib\fonts\9x15xb.fon">
      <Filter>Resource Files\fonts</Filter>
    </None>
    <None Include="..\..\..\lib\fonts\10x14x.fon">
      <Filter>Resource Files\fonts</Filter>
    </None>
    <None Include="..\..\..\lib\fonts\10x14xb.fon">
      <Filter>Resource Files\fonts</Filter>
    </None>
    <None Include="..\..\..\lib\fonts\10x20x.fon">
      <Filter>Resource Files\fonts</Filter>
    </None>
    <None Include="..\..\..\lib\fonts\12x18x.fon">
      <Filter>Resource Files\fonts</Filter>
    </None>
    <None Include="..\..\..\lib\fonts\12x24x.fon">
      <Filter>Resource Files\fonts</Filter>
    </None>
    <None Include="..\..\..\lib\fonts\16x16x.fon">
      <Filter>Resource Files\fonts</Filter>
    </None>
    <None Include="..\..\..\lib\fonts\16x16xw.fon">
      <Filter>Resource Files\fonts</Filter>
    </None>
    <None Include="..\..\..\lib\fonts\16x24x.fon">
      <Filter>Resource Files\fonts</Filter>
    </None>
    <None Include="..\..\..\lib\tiles\adam-bolt\flvr-new.prf">
      <Filter>Resource Files\tiles\adam-bolt</Filter>
    </None>
    <None Include="..\..\..\lib\tiles\adam-bolt\graf-new.prf">
      <Filter>Resource Files\tiles\adam-bolt</Filter>
    </None>
    <None Include="..\..\..\lib\tiles\adam-bolt\xtra-new.prf">
      <Filter>Resource Files\tiles\adam-bolt</Filter>
    </None>
    <None Include="..\..\..\lib\tiles\gervais\flvr-dvg.prf">
      <Filter>Resource Files\tiles\gervais</Filter>
    </None>
    <None Include="..\..\..\lib\tiles\gervais\graf-dvg.prf">
      <Filter>Resource Files\tiles\gervais</Filter>
    </None>
    <None Include="..\..\..\lib\tiles\gervais\xtra-dvg.prf">
      <Filter>Resource Files\tiles\gervais</Filter>
    </None>
    <None Include="..\..\..\lib\tiles\nomad\flvr-nmd.prf">
      <Filter>Resource Files\tiles\nomad</Filter>
    </None>
    <None Include="..\..\..\lib\tiles\nomad\graf-nmd.prf">
      <Filter>Resource Files\tiles\nomad</Filter>
    </None>
    <None Include="..\..\..\lib\tiles\nomad\xtra-nmd.prf">
      <Filter>Resource Files\tiles\nomad</Filter>
    </None>
    <None Include="..\..\..\lib\tiles\old\flvr-xxx.prf">
      <Filter>Resource Files\tiles\old</Filter>
    </None>
    <None Include="..\..\..\lib\tiles\old\graf-xxx.prf">
      <Filter>Resource Files\tiles\old</Filter>
    </None>
    <None Include="..\..\..\lib\tiles\old\xtra-xxx.prf">
      <Filter>Resource Files\tiles\old</Filter>
    </None>
    <None Include="..\..\..\lib\tiles\shockbolt\flvr-shb.prf">
      <Filter>Resource Files\tiles\shockbolt</Filter>
    </None>
    <None Include="..\..\..\lib\tiles\shockbolt\graf-shb-dark.prf">
      <Filter>Resource Files\tiles\shockbolt</Filter>
    </None>
    <None Include="..\..\..\lib\tiles\shockbolt\graf-shb-light.prf">
      <Filter>Resource Files\tiles\shockbolt</Filter>
    </None>
    <None Include="..\..\..\lib\tiles\shockbolt\xtra-shb.prf">
      <Filter>Resource Files\tiles\shockbolt</Filter>
    </None>
  </ItemGroup>
  <ItemGroup>
    <Text Include="..\..\..\lib\gamedata\activation.txt">
      <Filter>Resource Files\gamedata</Filter>
    </Text>
    <Text Include="..\..\..\lib\gamedata\artifact.txt">
      <Filter>Resource Files\gamedata</Filter>
    </Text>
    <Text Include="..\..\..\lib\gamedata\blow_effects.txt">
      <Filter>Resource Files\gamedata</Filter>
    </Text>
    <Text Include="..\..\..\lib\gamedata\blow_methods.txt">
      <Filter>Resource Files\gamedata</Filter>
    </Text>
    <Text Include="..\..\..\lib\gamedata\body.txt">
      <Filter>Resource Files\gamedata</Filter>
    </Text>
    <Text Include="..\..\..\lib\gamedata\brand.txt">
      <Filter>Resource Files\gamedata</Filter>
    </Text>
    <Text Include="..\..\..\lib\gamedata\chest_trap.txt">
      <Filter>Resource Files\gamedata</Filter>
    </Text>
    <Text Include="..\..\..\lib\gamedata\class.txt">
      <Filter>Resource Files\gamedata</Filter>
    </Text>
    <Text Include="..\..\..\lib\gamedata\constants.txt">
      <Filter>Resource Files\gamedata</Filter>
    </Text>
    <Text Include="..\..\..\lib\gamedata\curse.txt">
      <Filter>Resource Files\gamedata</Filter>
    </Text>
    <Text Include="..\..\..\lib\gamedata\dungeon_profile.txt">
      <Filter>Resource Files\gamedata</Filter>
    </Text>
    <Text Include="..\..\..\lib\gamedata\ego_item.txt">
      <Filter>Resource Files\gamedata</Filter>
    </Text>
    <Text Include="..\..\..\lib\gamedata\flavor.txt">
      <Filter>Resource Files\gamedata</Filter>
    </Text>
    <Text Include="..\..\..\lib\gamedata\hints.txt">
      <Filter>Resource Files\gamedata</Filter>
    </Text>
    <Text Include="..\..\..\lib\gamedata\history.txt">
      <Filter>Resource Files\gamedata</Filter>
    </Text>
    <Text Include="..\..\..\lib\gamedata\monster.txt">
      <Filter>Resource Files\gamedata</Filter>
    </Text>
    <Text Include="..\..\..\lib\gamedata\monster_base.txt">
      <Filter>Resource Files\gamedata</Filter>
    </Text>
    <Text Include="..\..\..\lib\gamedata\monster_spell.txt">
      <Filter>Resource Files\gamedata</Filter>
    </Text>
    <Text Include="..\..\..\lib\gamedata\names.txt">
      <Filter>Resource Files\gamedata</Filter>
    </Text>
    <Text Include="..\..\..\lib\gamedata\object.txt">
      <Filter>Resource Files\gamedata</Filter>
    </Text>
    <Text Include="..\..\..\lib\gamedata\object_base.txt">
      <Filter>Resource Files\gamedata</Filter>
    </Text>
    <Text Include="..\..\..\lib\gamedata\object_property.txt">
      <Filter>Resource Files\gamedata</Filter>
    </Text>
    <Text Include="..\..\..\lib\gamedata\old_class.txt">
      <Filter>Resource Files\gamedata</Filter>
    </Text>
    <Text Include="..\..\..\lib\gamedata\p_race.txt">
      <Filter>Resource Files\gamedata</Filter>
    </Text>
    <Text Include="..\..\..\lib\gamedata\pain.txt">
      <Filter>Resource Files\gamedata</Filter>
    </Text>
    <Text Include="..\..\..\lib\gamedata\pit.txt">
      <Filter>Resource Files\gamedata</Filter>
    </Text>
    <Text Include="..\..\..\lib\gamedata\player_property.txt">
      <Filter>Resource Files\gamedata</Filter>
    </Text>
    <Text Include="..\..\..\lib\gamedata\player_timed.txt">
      <Filter>Resource Files\gamedata</Filter>
    </Text>
    <Text Include="..\..\..\lib\gamedata\projection.txt">
      <Filter>Resource Files\gamedata</Filter>
    </Text>
    <Text Include="..\..\..\lib\gamedata\quest.txt">
      <Filter>Resource Files\gamedata</Filter>
    </Text>
    <Text Include="..\..\..\lib\gamedata\realm.txt">
      <Filter>Resource Files\gamedata</Filter>
    </Text>
    <Text Include="..\..\..\lib\gamedata\room_template.txt">
      <Filter>Resource Files\gamedata</Filter>
    </Text>
    <Text Include="..\..\..\lib\gamedata\shape.txt">
      <Filter>Resource Files\gamedata</Filter>
    </Text>
    <Text Include="..\..\..\lib\gamedata\slay.txt">
      <Filter>Resource Files\gamedata</Filter>
    </Text>
    <Text Include="..\..\..\lib\gamedata\store.txt">
      <Filter>Resource Files\gamedata</Filter>
    </Text>
    <Text Include="..\..\..\lib\gamedata\summon.txt">
      <Filter>Resource Files\gamedata</Filter>
    </Text>
    <Text Include="..\..\..\lib\gamedata\terrain.txt">
      <Filter>Resource Files\gamedata</Filter>
    </Text>
    <Text Include="..\..\..\lib\gamedata\trap.txt">
      <Filter>Resource Files\gamedata</Filter>
    </Text>
    <Text Include="..\..\..\lib\gamedata\ui_entry.txt">
      <Filter>Resource Files\gamedata</Filter>
    </Text>
    <Text Include="..\..\..\lib\gamedata\ui_entry_base.txt">
      <Filter>Resource Files\gamedata</Filter>
    </Text>
    <Text Include="..\..\..\lib\gamedata\ui_entry_renderer.txt">
      <Filter>Resource Files\gamedata</Filter>
    </Text>
    <Text Include="..\..\..\lib\gamedata\vault.txt">
      <Filter>Resource Files\gamedata</Filter>
    </Text>
    <Text Include="..\..\..\lib\gamedata\visuals.txt">
      <Filter>Resource Files\gamedata</Filter>
    </Text>
    <Text Include="..\..\..\lib\gamedata\world.txt">
      <Filter>Resource Files\gamedata</Filter>
    </Text>
    <Text Include="..\..\..\lib\help\commands.txt">
      <Filter>Resource Files\help</Filter>
    </Text>
    <Text Include="..\..\..\lib\help\index.txt">
      <Filter>Resource Files\help</Filter>
    </Text>
    <Text Include="..\..\..\lib\help\r_comm.txt">
      <Filter>Resource Files\help</Filter>
    </Text>
    <Text Include="..\..\..\lib\help\r_index.txt">
      <Filter>Resource Files\help</Filter>
    </Text>
    <Text Include="..\..\..\lib\help\symbols.txt">
      <Filter>Resource Files\help</Filter>
    </Text>
    <Text Include="..\..\..\lib\tiles\list.txt">
      <Filter>Resource Files\tiles</Filter>
    </Text>
    <Text Include="..\..\..\lib\screens\crown.txt">
      <Filter>Resource Files\screens</Filter>
    </Text>
    <Text Include="..\..\..\lib\screens\dead.txt">
      <Filter>Resource Files\screens</Filter>
    </Text>
    <Text Include="..\..\..\lib\screens\news.txt">
      <Filter>Resource Files\screens</Filter>
    </Text>
  </ItemGroup>
  <ItemGroup>
    <Media Include="..\..\..\lib\sounds\amb_bell_metal1.mp3">
      <Filter>Resource Files\sounds</Filter>
    </Media>
    <Media Include="..\..\..\lib\sounds\amb_bell_metal2.mp3">
      <Filter>Resource Files\sounds</Filter>
    </Media>
    <Media Include="..\..\..\lib\sounds\amb_bell_tibet1.mp3">
      <Filter>Resource Files\sounds</Filter>
    </Media>
    <Media Include="..\..\..\lib\sounds\amb_bell_tibet2.mp3">
      <Filter>Resource Files\sounds</Filter>
    </Media>
    <Media Include="..\..\..\lib\sounds\amb_bell_tibet3.mp3">
      <Filter>Resource Files\sounds</Filter>
    </Media>
    <Media Include="..\..\..\lib\sounds\amb_door_doom.mp3">
      <Filter>Resource Files\sounds</Filter>
    </Media>
    <Media Include="..\..\..\lib\sounds\amb_door_iron.mp3">
      <Filter>Resource Files\sounds</Filter>
    </Media>
    <Media Include="..\..\..\lib\sounds\amb_dungeon_echo.mp3">
      <Filter>Resource Files\sounds</Filter>
    </Media>
    <Media Include="..\..\..\lib\sounds\amb_dungeon_echowet.mp3">
      <Filter>Resource Files\sounds</Filter>
    </Media>
    <Media Include="..\..\..\lib\sounds\amb_gong_chinese.mp3">
      <Filter>Resource Files\sounds</Filter>
    </Media>
    <Media Include="..\..\..\lib\sounds\amb_gong_low.mp3">
      <Filter>Resource Files\sounds</Filter>
    </Media>
    <Media Include="..\..\..\lib\sounds\amb_gong_strike.mp3">
      <Filter>Resource Files\sounds</Filter>
    </Media>
    <Media Include="..\..\..\lib\sounds\amb_gong_undertone.mp3">
      <Filter>Resource Files\sounds</Filter>
    </Media>
    <Media Include="..\..\..\lib\sounds\amb_guitar_chord.mp3">
      <Filter>Resource Files\sounds</Filter>
    </Media>
    <Media Include="..\..\..\lib\sounds\amb_pulse_low.mp3">
      <Filter>Resource Files\sounds</Filter>
    </Media>
    <Media Include="..\..\..\lib\sounds\amb_thunder_rain.mp3">
      <Filter>Resource Files\sounds</Filter>
    </Media>
    <Media Include="..\..\..\lib\sounds\amb_thunder_roll.mp3">
      <Filter>Resource Files\sounds</Filter>
    </Media>
    <Media Include="..\..\..\lib\sounds\id_bad_aww.mp3">
      <Filter>Resource Files\sounds</Filter>
    </Media>
    <Media Include="..\..\..\lib\sounds\id_bad_dang.mp3">
      <Filter>Resource Files\sounds</Filter>
    </Media>
    <Media Include="..\..\..\lib\sounds\id_bad_hmm.mp3">
      <Filter>Resource Files\sounds</Filter>
    </Media>
    <Media Include="..\..\..\lib\sounds\id_bad_hmph.mp3">
      <Filter>Resource Files\sounds</Filter>
    </Media>
    <Media Include="..\..\..\lib\sounds\id_bad_ohh.mp3">
      <Filter>Resource Files\sounds</Filter>
    </Media>
    <Media Include="..\..\..\lib\sounds\id_ego_whoa.mp3">
      <Filter>Resource Files\sounds</Filter>
    </Media>
    <Media Include="..\..\..\lib\sounds\id_ego_woohoo.mp3">
      <Filter>Resource Files\sounds</Filter>
    </Media>
    <Media Include="..\..\..\lib\sounds\id_ego_yeah.mp3">
      <Filter>Resource Files\sounds</Filter>
    </Media>
    <Media Include="..\..\..\lib\sounds\id_ego_yeah2.mp3">
      <Filter>Resource Files\sounds</Filter>
    </Media>
    <Media Include="..\..\..\lib\sounds\id_ego_yes.mp3">
      <Filter>Resource Files\sounds</Filter>
    </Media>
    <Media Include="..\..\..\lib\sounds\id_good_hey.mp3">
      <Filter>Resource Files\sounds</Filter>
    </Media>
    <Media Include="..\..\..\lib\sounds\id_good_hey2.mp3">
      <Filter>Resource Files\sounds</Filter>
    </Media>
    <Media Include="..\..\..\lib\sounds\id_good_hmm.mp3">
      <Filter>Resource Files\sounds</Filter>
    </Media>
    <Media Include="..\..\..\lib\sounds\id_good_huh.mp3">
      <Filter>Resource Files\sounds</Filter>
    </Media>
    <Media Include="..\..\..\lib\sounds\id_good_ooh.mp3">
      <Filter>Resource Files\sounds</Filter>
    </Media>
    <Media Include="..\..\..\lib\sounds\id_good_ooo.mp3">
      <Filter>Resource Files\sounds</Filter>
    </Media>
    <Media Include="..\..\..\lib\sounds\id_good_wow.mp3">
      <Filter>Resource Files\sounds</Filter>
    </Media>
    <Media Include="..\..\..\lib\sounds\mco_attack_breath.mp3">
      <Filter>Resource Files\sounds</Filter>
    </Media>
    <Media Include="..\..\..\lib\sounds\mco_attack_spray.mp3">
      <Filter>Resource Files\sounds</Filter>
    </Media>
    <Media Include="..\..\..\lib\sounds\mco_bite_chew.mp3">
      <Filter>Resource Files\sounds</Filter>
    </Media>
    <Media Include="..\..\..\lib\sounds\mco_bite_chomp.mp3">
      <Filter>Resource Files\sounds</Filter>
    </Media>
    <Media Include="..\..\..\lib\sounds\mco_bite_dainty.mp3">
      <Filter>Resource Files\sounds</Filter>
    </Media>
    <Media Include="..\..\..\lib\sounds\mco_bite_gnash.mp3">
      <Filter>Resource Files\sounds</Filter>
    </Media>
    <Media Include="..\..\..\lib\sounds\mco_bite_hard.mp3">
      <Filter>Resource Files\sounds</Filter>
    </Media>
    <Media Include="..\..\..\lib\sounds\mco_bite_long.mp3">
      <Filter>Resource Files\sounds</Filter>
    </Media>
    <Media Include="..\..\..\lib\sounds\mco_bite_munch.mp3">
      <Filter>Resource Files\sounds</Filter>
    </Media>
    <Media Include="..\..\..\lib\sounds\mco_bite_regular.mp3">
      <Filter>Resource Files\sounds</Filter>
    </Media>
    <Media Include="..\..\..\lib\sounds\mco_bite_short.mp3">
      <Filter>Resource Files\sounds</Filter>
    </Media>
    <Media Include="..\..\..\lib\sounds\mco_bite_small.mp3">
      <Filter>Resource Files\sounds</Filter>
    </Media>
    <Media Include="..\..\..\lib\sounds\mco_bite_soft.mp3">
      <Filter>Resource Files\sounds</Filter>
    </Media>
    <Media Include="..\..\..\lib\sounds\mco_card_shuffle.mp3">
      <Filter>Resource Files\sounds</Filter>
    </Media>
    <Media Include="..\..\..\lib\sounds\mco_castanet_trill.mp3">
      <Filter>Resource Files\sounds</Filter>
    </Media>
    <Media Include="..\..\..\lib\sounds\mco_ceramic_trill.mp3">
      <Filter>Resource Files\sounds</Filter>
    </Media>
    <Media Include="..\..\..\lib\sounds\mco_click_vibra.mp3">
      <Filter>Resource Files\sounds</Filter>
    </Media>
    <Media Include="..\..\..\lib\sounds\mco_creature_choking.mp3">
      <Filter>Resource Files\sounds</Filter>
    </Media>
    <Media Include="..\..\..\lib\sounds\mco_creature_groan.mp3">
      <Filter>Resource Files\sounds</Filter>
    </Media>
    <Media Include="..\..\..\lib\sounds\mco_creature_yelp.mp3">
      <Filter>Resource Files\sounds</Filter>
    </Media>
    <Media Include="..\..\..\lib\sounds\mco_cuica_rubbing.mp3">
      <Filter>Resource Files\sounds</Filter>
    </Media>
    <Media Include="..\..\..\lib\sounds\mco_dino_low.mp3">
      <Filter>Resource Files\sounds</Filter>
    </Media>
    <Media Include="..\..\..\lib\sounds\mco_dino_slur.mp3">
      <Filter>Resource Files\sounds</Filter>
    </Media>
    <Media Include="..\..\..\lib\sounds\mco_dino_talk.mp3">
      <Filter>Resource Files\sounds</Filter>
    </Media>
    <Media Include="..\..\..\lib\sounds\mco_dino_yawn.mp3">
      <Filter>Resource Files\sounds</Filter>
    </Media>
    <Media Include="..\..\..\lib\sounds\mco_dub_wobble.mp3">
      <Filter>Resource Files\sounds</Filter>
    </Media>
    <Media Include="..\..\..\lib\sounds\mco_frog_trill.mp3">
      <Filter>Resource Files\sounds</Filter>
    </Media>
    <Media Include="..\..\..\lib\sounds\mco_hit_whip.mp3">
      <Filter>Resource Files\sounds</Filter>
    </Media>
    <Media Include="..\..\..\lib\sounds\mco_howl_croak.mp3">
      <Filter>Resource Files\sounds</Filter>
    </Media>
    <Media Include="..\..\..\lib\sounds\mco_howl_deep.mp3">
      <Filter>Resource Files\sounds</Filter>
    </Media>
    <Media Include="..\..\..\lib\sounds\mco_howl_distressed.mp3">
      <Filter>Resource Files\sounds</Filter>
    </Media>
    <Media Include="..\..\..\lib\sounds\mco_howl_high.mp3">
      <Filter>Resource Files\sounds</Filter>
    </Media>
    <Media Include="..\..\..\lib\sounds\mco_howl_long.mp3">
      <Filter>Resource Files\sounds</Filter>
    </Media>
    <Media Include="..\..\..\lib\sounds\mco_liquid_squirt.mp3">
      <Filter>Resource Files\sounds</Filter>
    </Media>
    <Media Include="..\..\..\lib\sounds\mco_man_mumble.mp3">
      <Filter>Resource Files\sounds</Filter>
    </Media>
    <Media Include="..\..\..\lib\sounds\mco_mouse_squeaks.mp3">
      <Filter>Resource Files\sounds</Filter>
    </Media>
    <Media Include="..\..\..\lib\sounds\mco_rubber_thud.mp3">
      <Filter>Resource Files\sounds</Filter>
    </Media>
    <Media Include="..\..\..\lib\sounds\mco_scurry_dry.mp3">
      <Filter>Resource Files\sounds</Filter>
    </Media>
    <Media Include="..\..\..\lib\sounds\mco_shake_roll.mp3">
      <Filter>Resource Files\sounds</Filter>
    </Media>
    <Media Include="..\..\..\lib\sounds\mco_snarl_short.mp3">
      <Filter>Resource Files\sounds</Filter>
    </Media>
    <Media Include="..\..\..\lib\sounds\mco_spray_long.mp3">
      <Filter>Resource Files\sounds</Filter>
    </Media>
    <Media Include="..\..\..\lib\sounds\mco_squish_hit.mp3">
      <Filter>Resource Files\sounds</Filter>
    </Media>
    <Media Include="..\..\..\lib\sounds\mco_squish_snap.mp3">
      <Filter>Resource Files\sounds</Filter>
    </Media>
    <Media Include="..\..\..\lib\sounds\mco_strange_music.mp3">
      <Filter>Resource Files\sounds</Filter>
    </Media>
    <Media Include="..\..\..\lib\sounds\mco_strange_thwoink.mp3">
      <Filter>Resource Files\sounds</Filter>
    </Media>
    <Media Include="..\..\..\lib\sounds\mco_thoing_backwards.mp3">
      <Filter>Resource Files\sounds</Filter>
    </Media>
    <Media Include="..\..\..\lib\sounds\mco_thoing_deep.mp3">
      <Filter>Resource Files\sounds</Filter>
    </Media>
    <Media Include="..\..\..\lib\sounds\mco_thud_crash.mp3">
      <Filter>Resource Files\sounds</Filter>
    </Media>
    <Media Include="..\..\..\lib\sounds\mco_tube_hit.mp3">
      <Filter>Resource Files\sounds</Filter>
    </Media>
    <Media Include="..\..\..\lib\sounds\plc_bell_warn.mp3">
      <Filter>Resource Files\sounds</Filter>
    </Media>
    <Media Include="..\..\..\lib\sounds\plc_die_laugh.mp3">
      <Filter>Resource Files\sounds</Filter>
    </Media>
    <Media Include="..\..\..\lib\sounds\plc_hit_anvil.mp3">
      <Filter>Resource Files\sounds</Filter>
    </Media>
    <Media Include="..\..\..\lib\sounds\plc_hit_anvil2.mp3">
      <Filter>Resource Files\sounds</Filter>
    </Media>
    <Media Include="..\..\..\lib\sounds\plc_hit_arrow.mp3">
      <Filter>Resource Files\sounds</Filter>
    </Media>
    <Media Include="..\..\..\lib\sounds\plc_hit_body.mp3">
      <Filter>Resource Files\sounds</Filter>
    </Media>
    <Media Include="..\..\..\lib\sounds\plc_hit_groan.mp3">
      <Filter>Resource Files\sounds</Filter>
    </Media>
    <Media Include="..\..\..\lib\sounds\plc_hit_grunt.mp3">
      <Filter>Resource Files\sounds</Filter>
    </Media>
    <Media Include="..\..\..\lib\sounds\plc_hit_grunt2.mp3">
      <Filter>Resource Files\sounds</Filter>
    </Media>
    <Media Include="..\..\..\lib\sounds\plc_hit_hay.mp3">
      <Filter>Resource Files\sounds</Filter>
    </Media>
    <Media Include="..\..\..\lib\sounds\plc_miss_arrow.mp3">
      <Filter>Resource Files\sounds</Filter>
    </Media>
    <Media Include="..\..\..\lib\sounds\plc_miss_arrow2.mp3">
      <Filter>Resource Files\sounds</Filter>
    </Media>
    <Media Include="..\..\..\lib\sounds\plc_miss_swish.mp3">
      <Filter>Resource Files\sounds</Filter>
    </Media>
    <Media Include="..\..\..\lib\sounds\plm_aim_wand.mp3">
      <Filter>Resource Files\sounds</Filter>
    </Media>
    <Media Include="..\..\..\lib\sounds\plm_bang_ceramic.mp3">
      <Filter>Resource Files\sounds</Filter>
    </Media>
    <Media Include="..\..\..\lib\sounds\plm_bang_dumpster.mp3">
      <Filter>Resource Files\sounds</Filter>
    </Media>
    <Media Include="..\..\..\lib\sounds\plm_bang_metal.mp3">
      <Filter>Resource Files\sounds</Filter>
    </Media>
    <Media Include="..\..\..\lib\sounds\plm_book_pageturn.mp3">
      <Filter>Resource Files\sounds</Filter>
    </Media>
    <Media Include="..\..\..\lib\sounds\plm_bottle_clinks.mp3">
      <Filter>Resource Files\sounds</Filter>
    </Media>
    <Media Include="..\..\..\lib\sounds\plm_break_canister.mp3">
      <Filter>Resource Files\sounds</Filter>
    </Media>
    <Media Include="..\..\..\lib\sounds\plm_break_glass.mp3">
      <Filter>Resource Files\sounds</Filter>
    </Media>
    <Media Include="..\..\..\lib\sounds\plm_break_glass2.mp3">
      <Filter>Resource Files\sounds</Filter>
    </Media>
    <Media Include="..\..\..\lib\sounds\plm_break_plates.mp3">
      <Filter>Resource Files\sounds</Filter>
    </Media>
    <Media Include="..\..\..\lib\sounds\plm_break_shatter.mp3">
      <Filter>Resource Files\sounds</Filter>
    </Media>
    <Media Include="..\..\..\lib\sounds\plm_break_smash.mp3">
      <Filter>Resource Files\sounds</Filter>
    </Media>
    <Media Include="..\..\..\lib\sounds\plm_break_wood.mp3">
      <Filter>Resource Files\sounds</Filter>
    </Media>
    <Media Include="..\..\..\lib\sounds\plm_cabinet_open.mp3">
      <Filter>Resource Files\sounds</Filter>
    </Media>
    <Media Include="..\..\..\lib\sounds\plm_cabinet_shut.mp3">
      <Filter>Resource Files\sounds</Filter>
    </Media>
    <Media Include="..\..\..\lib\sounds\plm_chain_light.mp3">
      <Filter>Resource Files\sounds</Filter>
    </Media>
    <Media Include="..\..\..\lib\sounds\plm_chest_latch.mp3">
      <Filter>Resource Files\sounds</Filter>
    </Media>
    <Media Include="..\..\..\lib\sounds\plm_chest_unlatch.mp3">
      <Filter>Resource Files\sounds</Filter>
    </Media>
    <Media Include="..\..\..\lib\sounds\plm_chimes_jangle.mp3">
      <Filter>Resource Files\sounds</Filter>
    </Media>
    <Media Include="..\..\..\lib\sounds\plm_click_dry.mp3">
      <Filter>Resource Files\sounds</Filter>
    </Media>
    <Media Include="..\..\..\lib\sounds\plm_click_switch.mp3">
      <Filter>Resource Files\sounds</Filter>
    </Media>
    <Media Include="..\..\..\lib\sounds\plm_click_switch2.mp3">
      <Filter>Resource Files\sounds</Filter>
    </Media>
    <Media Include="..\..\..\lib\sounds\plm_click_switch3.mp3">
      <Filter>Resource Files\sounds</Filter>
    </Media>
    <Media Include="..\..\..\lib\sounds\plm_click_wood.mp3">
      <Filter>Resource Files\sounds</Filter>
    </Media>
    <Media Include="..\..\..\lib\sounds\plm_close_hatch.mp3">
      <Filter>Resource Files\sounds</Filter>
    </Media>
    <Media Include="..\..\..\lib\sounds\plm_coins_dump.mp3">
      <Filter>Resource Files\sounds</Filter>
    </Media>
    <Media Include="..\..\..\lib\sounds\plm_coins_light.mp3">
      <Filter>Resource Files\sounds</Filter>
    </Media>
    <Media Include="..\..\..\lib\sounds\plm_coins_pour.mp3">
      <Filter>Resource Files\sounds</Filter>
    </Media>
    <Media Include="..\..\..\lib\sounds\plm_coins_shake.mp3">
      <Filter>Resource Files\sounds</Filter>
    </Media>
    <Media Include="..\..\..\lib\sounds\plm_cork_pop.mp3">
      <Filter>Resource Files\sounds</Filter>
    </Media>
    <Media Include="..\..\..\lib\sounds\plm_cork_squeak.mp3">
      <Filter>Resource Files\sounds</Filter>
    </Media>
    <Media Include="..\..\..\lib\sounds\plm_door_bolt.mp3">
      <Filter>Resource Files\sounds</Filter>
    </Media>
    <Media Include="..\..\..\lib\sounds\plm_door_creak.mp3">
      <Filter>Resource Files\sounds</Filter>
    </Media>
    <Media Include="..\..\..\lib\sounds\plm_door_creakshut.mp3">
      <Filter>Resource Files\sounds</Filter>
    </Media>
    <Media Include="..\..\..\lib\sounds\plm_door_dungeon.mp3">
      <Filter>Resource Files\sounds</Filter>
    </Media>
    <Media Include="..\..\..\lib\sounds\plm_door_echolock.mp3">
      <Filter>Resource Files\sounds</Filter>
    </Media>
    <Media Include="..\..\..\lib\sounds\plm_door_entrance.mp3">
      <Filter>Resource Files\sounds</Filter>
    </Media>
    <Media Include="..\..\..\lib\sounds\plm_door_knob.mp3">
      <Filter>Resource Files\sounds</Filter>
    </Media>
    <Media Include="..\..\..\lib\sounds\plm_door_latch.mp3">
      <Filter>Resource Files\sounds</Filter>
    </Media>
    <Media Include="..\..\..\lib\sounds\plm_door_open.mp3">
      <Filter>Resource Files\sounds</Filter>
    </Media>
    <Media Include="..\..\..\lib\sounds\plm_door_opening.mp3">
      <Filter>Resource Files\sounds</Filter>
    </Media>
    <Media Include="..\..\..\lib\sounds\plm_door_rusty.mp3">
      <Filter>Resource Files\sounds</Filter>
    </Media>
    <Media Include="..\..\..\lib\sounds\plm_door_shut.mp3">
      <Filter>Resource Files\sounds</Filter>
    </Media>
    <Media Include="..\..\..\lib\sounds\plm_door_slam.mp3">
      <Filter>Resource Files\sounds</Filter>
    </Media>
    <Media Include="..\..\..\lib\sounds\plm_door_squeaky.mp3">
      <Filter>Resource Files\sounds</Filter>
    </Media>
    <Media Include="..\..\..\lib\sounds\plm_door_wooden.mp3">
      <Filter>Resource Files\sounds</Filter>
    </Media>
    <Media Include="..\..\..\lib\sounds\plm_drop_boot.mp3">
      <Filter>Resource Files\sounds</Filter>
    </Media>
    <Media Include="..\..\..\lib\sounds\plm_eat_bite.mp3">
      <Filter>Resource Files\sounds</Filter>
    </Media>
    <Media Include="..\..\..\lib\sounds\plm_floor_creak.mp3">
      <Filter>Resource Files\sounds</Filter>
    </Media>
    <Media Include="..\..\..\lib\sounds\plm_floor_creak2.mp3">
      <Filter>Resource Files\sounds</Filter>
    </Media>
    <Media Include="..\..\..\lib\sounds\plm_glass_break.mp3">
      <Filter>Resource Files\sounds</Filter>
    </Media>
    <Media Include="..\..\..\lib\sounds\plm_glass_breaking.mp3">
      <Filter>Resource Files\sounds</Filter>
    </Media>
    <Media Include="..\..\..\lib\sounds\plm_glass_smashing.mp3">
      <Filter>Resource Files\sounds</Filter>
    </Media>
    <Media Include="..\..\..\lib\sounds\plm_jar_ding.mp3">
      <Filter>Resource Files\sounds</Filter>
    </Media>
    <Media Include="..\..\..\lib\sounds\plm_levelup.mp3">
      <Filter>Resource Files\sounds</Filter>
    </Media>
    <Media Include="..\..\..\lib\sounds\plm_lock_case.mp3">
      <Filter>Resource Files\sounds</Filter>
    </Media>
    <Media Include="..\..\..\lib\sounds\plm_lock_distant.mp3">
      <Filter>Resource Files\sounds</Filter>
    </Media>
    <Media Include="..\..\..\lib\sounds\plm_metal_clank.mp3">
      <Filter>Resource Files\sounds</Filter>
    </Media>
    <Media Include="..\..\..\lib\sounds\plm_metal_sharpen.mp3">
      <Filter>Resource Files\sounds</Filter>
    </Media>
    <Media Include="..\..\..\lib\sounds\plm_open_case.mp3">
      <Filter>Resource Files\sounds</Filter>
    </Media>
    <Media Include="..\..\..\lib\sounds\plm_spell1.mp3">
      <Filter>Resource Files\sounds</Filter>
    </Media>
    <Media Include="..\..\..\lib\sounds\plm_spell2.mp3">
      <Filter>Resource Files\sounds</Filter>
    </Media>
    <Media Include="..\..\..\lib\sounds\plm_spell3.mp3">
      <Filter>Resource Files\sounds</Filter>
    </Media>
    <Media Include="..\..\..\lib\sounds\plm_use_staff.mp3">
      <Filter>Resource Files\sounds</Filter>
    </Media>
    <Media Include="..\..\..\lib\sounds\plm_wood_thud.mp3">
      <Filter>Resource Files\sounds</Filter>
    </Media>
    <Media Include="..\..\..\lib\sounds\plm_zap_rod.mp3">
      <Filter>Resource Files\sounds</Filter>
    </Media>
    <Media Include="..\..\..\lib\sounds\pls_bell_bowl.mp3">
      <Filter>Resource Files\sounds</Filter>
    </Media>
    <Media Include="..\..\..\lib\sounds\pls_bell_chime_new.mp3">
      <Filter>Resource Files\sounds</Filter>
    </Media>
    <Media Include="..\..\..\lib\sounds\pls_bell_glass.mp3">
      <Filter>Resource Files\sounds</Filter>
    </Media>
    <Media Include="..\..\..\lib\sounds\pls_bell_hibell_soft.mp3">
      <Filter>Resource Files\sounds</Filter>
    </Media>
    <Media Include="..\..\..\lib\sounds\pls_bell_mute.mp3">
      <Filter>Resource Files\sounds</Filter>
    </Media>
    <Media Include="..\..\..\lib\sounds\pls_bell_sustain.mp3">
      <Filter>Resource Files\sounds</Filter>
    </Media>
    <Media Include="..\..\..\lib\sounds\pls_breathe_in.mp3">
      <Filter>Resource Files\sounds</Filter>
    </Media>
    <Media Include="..\..\..\lib\sounds\pls_man_argoh.mp3">
      <Filter>Resource Files\sounds</Filter>
    </Media>
    <Media Include="..\..\..\lib\sounds\pls_man_gulp_new.mp3">
      <Filter>Resource Files\sounds</Filter>
    </Media>
    <Media Include="..\..\..\lib\sounds\pls_man_oooh.mp3">
      <Filter>Resource Files\sounds</Filter>
    </Media>
    <Media Include="..\..\..\lib\sounds\pls_man_scream2.mp3">
      <Filter>Resource Files\sounds</Filter>
    </Media>
    <Media Include="..\..\..\lib\sounds\pls_man_sigh.mp3">
      <Filter>Resource Files\sounds</Filter>
    </Media>
    <Media Include="..\..\..\lib\sounds\pls_man_sniff.mp3">
      <Filter>Resource Files\sounds</Filter>
    </Media>
    <Media Include="..\..\..\lib\sounds\pls_man_sob.mp3">
      <Filter>Resource Files\sounds</Filter>
    </Media>
    <Media Include="..\..\..\lib\sounds\pls_man_spit.mp3">
      <Filter>Resource Files\sounds</Filter>
    </Media>
    <Media Include="..\..\..\lib\sounds\pls_man_ugh.mp3">
      <Filter>Resource Files\sounds</Filter>
    </Media>
    <Media Include="..\..\..\lib\sounds\pls_man_yell.mp3">
      <Filter>Resource Files\sounds</Filter>
    </Media>
    <Media Include="..\..\..\lib\sounds\pls_tone_blurk.mp3">
      <Filter>Resource Files\sounds</Filter>
    </Media>
    <Media Include="..\..\..\lib\sounds\pls_tone_clave6.mp3">
      <Filter>Resource Files\sounds</Filter>
    </Media>
    <Media Include="..\..\..\lib\sounds\pls_tone_clavelo8.mp3">
      <Filter>Resource Files\sounds</Filter>
    </Media>
    <Media Include="..\..\..\lib\sounds\pls_tone_conk.mp3">
      <Filter>Resource Files\sounds</Filter>
    </Media>
    <Media Include="..\..\..\lib\sounds\pls_tone_elec.mp3">
      <Filter>Resource Files\sounds</Filter>
    </Media>
    <Media Include="..\..\..\lib\sounds\pls_tone_goblet.mp3">
      <Filter>Resource Files\sounds</Filter>
    </Media>
    <Media Include="..\..\..\lib\sounds\pls_tone_guiro.mp3">
      <Filter>Resource Files\sounds</Filter>
    </Media>
    <Media Include="..\..\..\lib\sounds\pls_tone_headstock.mp3">
      <Filter>Resource Files\sounds</Filter>
    </Media>
    <Media Include="..\..\..\lib\sounds\pls_tone_scrape.mp3">
      <Filter>Resource Files\sounds</Filter>
    </Media>
    <Media Include="..\..\..\lib\sounds\pls_tone_stick.mp3">
      <Filter>Resource Files\sounds</Filter>
    </Media>
    <Media Include="..\..\..\lib\sounds\sto_bell_desk.mp3">
      <Filter>Resource Files\sounds</Filter>
    </Media>
    <Media Include="..\..\..\lib\sounds\sto_bell_ding.mp3">
      <Filter>Resource Files\sounds</Filter>
    </Media>
    <Media Include="..\..\..\lib\sounds\sto_bell_dingaling.mp3">
      <Filter>Resource Files\sounds</Filter>
    </Media>
    <Media Include="..\..\..\lib\sounds\sto_bell_jingles.mp3">
      <Filter>Resource Files\sounds</Filter>
    </Media>
    <Media Include="..\..\..\lib\sounds\sto_bell_register1.mp3">
      <Filter>Resource Files\sounds</Filter>
    </Media>
    <Media Include="..\..\..\lib\sounds\sto_bell_register2.mp3">
      <Filter>Resource Files\sounds</Filter>
    </Media>
    <Media Include="..\..\..\lib\sounds\sto_bell_ringing.mp3">
      <Filter>Resource Files\sounds</Filter>
    </Media>
    <Media Include="..\..\..\lib\sounds\sto_bell_shop.mp3">
      <Filter>Resource Files\sounds</Filter>
    </Media>
    <Media Include="..\..\..\lib\sounds\sto_coins_countertop.mp3">
      <Filter>Resource Files\sounds</Filter>
    </Media>
    <Media Include="..\..\..\lib\sounds\sto_man_haha.mp3">
      <Filter>Resource Files\sounds</Filter>
    </Media>
    <Media Include="..\..\..\lib\sounds\sto_man_hey.mp3">
      <Filter>Resource Files\sounds</Filter>
    </Media>
    <Media Include="..\..\..\lib\sounds\sto_man_whoohaha.mp3">
      <Filter>Resource Files\sounds</Filter>
    </Media>
    <Media Include="..\..\..\lib\sounds\sum_angel_song.mp3">
      <Filter>Resource Files\sounds</Filter>
    </Media>
    <Media Include="..\..\..\lib\sounds\sum_bell_crystal.mp3">
      <Filter>Resource Files\sounds</Filter>
    </Media>
    <Media Include="..\..\..\lib\sounds\sum_bell_hand.mp3">
      <Filter>Resource Files\sounds</Filter>
    </Media>
    <Media Include="..\..\..\lib\sounds\sum_bell_tone.mp3">
      <Filter>Resource Files\sounds</Filter>
    </Media>
    <Media Include="..\..\..\lib\sounds\sum_chime_jangle.mp3">
      <Filter>Resource Files\sounds</Filter>
    </Media>
    <Media Include="..\..\..\lib\sounds\sum_ghost_moan.mp3">
      <Filter>Resource Files\sounds</Filter>
    </Media>
    <Media Include="..\..\..\lib\sounds\sum_ghost_oooo.mp3">
      <Filter>Resource Files\sounds</Filter>
    </Media>
    <Media Include="..\..\..\lib\sounds\sum_ghost_wail.mp3">
      <Filter>Resource Files\sounds</Filter>
    </Media>
    <Media Include="..\..\..\lib\sounds\sum_gong_temple.mp3">
      <Filter>Resource Files\sounds</Filter>
    </Media>
    <Media Include="..\..\..\lib\sounds\sum_laugh_evil2.mp3">
      <Filter>Resource Files\sounds</Filter>
    </Media>
    <Media Include="..\..\..\lib\sounds\sum_lion_growl.mp3">
      <Filter>Resource Files\sounds</Filter>
    </Media>
    <Media Include="..\..\..\lib\sounds\sum_piano_scrape.mp3">
      <Filter>Resource Files\sounds</Filter>
    </Media>
  </ItemGroup>
</Project>